
Microsoft Visual Studio Solution File, Format Version 12.00
# Visual Studio 15
VisualStudioVersion = 15.0.28307.539
MinimumVisualStudioVersion = 10.0.40219.1
Project("{FAE04EC0-301F-11D3-BF4B-00C04F79EFBC}") = "Bing.Sequence", "src\Bing.Sequence\Bing.Sequence.csproj", "{17178EB0-B81F-4CEF-B322-25AEAD8E877A}"
EndProject
Global
	GlobalSection(SolutionConfigurationPlatforms) = preSolution
		Debug|Any CPU = Debug|Any CPU
		Release|Any CPU = Release|Any CPU
	EndGlobalSection
	GlobalSection(ProjectConfigurationPlatforms) = postSolution
		{17178EB0-B81F-4CEF-B322-25AEAD8E877A}.Debug|Any CPU.ActiveCfg = Debug|Any CPU
		{17178EB0-B81F-4CEF-B322-25AEAD8E877A}.Debug|Any CPU.Build.0 = Debug|Any CPU
		{17178EB0-B81F-4CEF-B322-25AEAD8E877A}.Release|Any CPU.ActiveCfg = Release|Any CPU
		{17178EB0-B81F-4CEF-B322-25AEAD8E877A}.Release|Any CPU.Build.0 = Release|Any CPU
	EndGlobalSection
	GlobalSection(SolutionProperties) = preSolution
		HideSolutionNode = FALSE
	EndGlobalSection
	GlobalSection(ExtensibilityGlobals) = postSolution
		SolutionGuid = {692AC2F7-2909-4402-8932-207C81D171E8}
	EndGlobalSection
EndGlobal
